
Microsoft Visual Studio Solution File, Format Version 12.00
# Visual Studio 14
VisualStudioVersion = 14.0.25420.1
MinimumVisualStudioVersion = 10.0.40219.1
Project("{2150E333-8FDC-42A3-9474-1A3956D46DE8}") = "Solution Items", "Solution Items", "{4CB6F29D-B252-44FE-9D62-44B2AAE33A71}"
	ProjectSection(SolutionItems) = preProject
		.gitignore = .gitignore
		LICENSE = LICENSE
		README.md = README.md
	EndProjectSection
EndProject
Project("{FAE04EC0-301F-11D3-BF4B-00C04F79EFBC}") = "Altairis.AutoAcme.Manager", "Altairis.AutoAcme.Manager\Altairis.AutoAcme.Manager.csproj", "{443F82B3-DF11-450F-A8AE-CA65D4B73506}"
EndProject
Project("{2150E333-8FDC-42A3-9474-1A3956D46DE8}") = "Images", "Images", "{F299B3A1-ADC0-40AF-97E1-6FA39398CB89}"
	ProjectSection(SolutionItems) = preProject
		Images\AutoACME.ico = Images\AutoACME.ico
		Images\AutoAcmeLogo.svg = Images\AutoAcmeLogo.svg
		Images\AutoAcmeLogo_150.png = Images\AutoAcmeLogo_150.png
		Images\AutoAcmeLogo_256.png = Images\AutoAcmeLogo_256.png
		Images\AutoAcmeLogo_512.png = Images\AutoAcmeLogo_512.png
		Images\AutoAcmeLogo_simple.svg = Images\AutoAcmeLogo_simple.svg
		Images\AutoAcmeLogo_simple_150.png = Images\AutoAcmeLogo_simple_150.png
		Images\AutoAcmeLogo_simple_16.png = Images\AutoAcmeLogo_simple_16.png
		Images\AutoAcmeLogo_simple_256.png = Images\AutoAcmeLogo_simple_256.png
		Images\AutoAcmeLogo_simple_32.png = Images\AutoAcmeLogo_simple_32.png
		Images\AutoAcmeLogo_simple_512.png = Images\AutoAcmeLogo_simple_512.png
		Images\background_road.jpg = Images\background_road.jpg
	EndProjectSection
EndProject
Project("{FAE04EC0-301F-11D3-BF4B-00C04F79EFBC}") = "Altairis.AutoACME.Configuration", "Altairis.AutoACME.Configuration\Altairis.AutoACME.Configuration.csproj", "{BD224F53-B4C4-466E-9AB0-D5D6DA9927F0}"
EndProject
Global
	GlobalSection(SolutionConfigurationPlatforms) = preSolution
		Debug|Any CPU = Debug|Any CPU
		Release|Any CPU = Release|Any CPU
	EndGlobalSection
	GlobalSection(ProjectConfigurationPlatforms) = postSolution
		{443F82B3-DF11-450F-A8AE-CA65D4B73506}.Debug|Any CPU.ActiveCfg = Debug|Any CPU
		{443F82B3-DF11-450F-A8AE-CA65D4B73506}.Debug|Any CPU.Build.0 = Debug|Any CPU
		{443F82B3-DF11-450F-A8AE-CA65D4B73506}.Release|Any CPU.ActiveCfg = Release|Any CPU
		{443F82B3-DF11-450F-A8AE-CA65D4B73506}.Release|Any CPU.Build.0 = Release|Any CPU
		{BD224F53-B4C4-466E-9AB0-D5D6DA9927F0}.Debug|Any CPU.ActiveCfg = Debug|Any CPU
		{BD224F53-B4C4-466E-9AB0-D5D6DA9927F0}.Debug|Any CPU.Build.0 = Debug|Any CPU
		{BD224F53-B4C4-466E-9AB0-D5D6DA9927F0}.Release|Any CPU.ActiveCfg = Release|Any CPU
		{BD224F53-B4C4-466E-9AB0-D5D6DA9927F0}.Release|Any CPU.Build.0 = Release|Any CPU
	EndGlobalSection
	GlobalSection(SolutionProperties) = preSolution
		HideSolutionNode = FALSE
	EndGlobalSection
EndGlobal
